
Microsoft Visual Studio Solution File, Format Version 12.00
# Visual Studio Version 17
VisualStudioVersion = 17.7.34009.444
MinimumVisualStudioVersion = 10.0.40219.1
Project("{FAE04EC0-301F-11D3-BF4B-00C04F79EFBC}") = "Two_Sum", "Two_Sum.csproj", "{BE7DCC51-F6D8-41FE-ADAC-C27691F21E17}"
EndProject
Global
	GlobalSection(SolutionConfigurationPlatforms) = preSolution
		Debug|Any CPU = Debug|Any CPU
		Release|Any CPU = Release|Any CPU
	EndGlobalSection
	GlobalSection(ProjectConfigurationPlatforms) = postSolution
		{BE7DCC51-F6D8-41FE-ADAC-C27691F21E17}.Debug|Any CPU.ActiveCfg = Debug|Any CPU
		{BE7DCC51-F6D8-41FE-ADAC-C27691F21E17}.Debug|Any CPU.Build.0 = Debug|Any CPU
		{BE7DCC51-F6D8-41FE-ADAC-C27691F21E17}.Release|Any CPU.ActiveCfg = Release|Any CPU
		{BE7DCC51-F6D8-41FE-ADAC-C27691F21E17}.Release|Any CPU.Build.0 = Release|Any CPU
	EndGlobalSection
	GlobalSection(SolutionProperties) = preSolution
		HideSolutionNode = FALSE
	EndGlobalSection
	GlobalSection(ExtensibilityGlobals) = postSolution
		SolutionGuid = {2B9382CC-4353-402C-B98F-9DE42484449B}
	EndGlobalSection
EndGlobal
